{
  "name": "jobsearch-smtp",
  "version": "0.0.1",
  "lockfileVersion": 1,
  "requires": true,
  "dependencies": {
    "ipv6-normalize": {
      "version": "1.0.1",
      "resolved": "https://registry.npmjs.org/ipv6-normalize/-/ipv6-normalize-1.0.1.tgz",
      "integrity": "sha1-GzJYKQ02X6gyOeiZB93kWS52IKg="
    },
    "nodemailer": {
      "version": "4.4.0",
      "resolved": "https://registry.npmjs.org/nodemailer/-/nodemailer-4.4.0.tgz",
      "integrity": "sha512-d6E/wK/0Ijoh5v9si5nnkDTIPfz/1sCvwpIdqwoLscJtlNEp0ggysQxffu7tS/Bpv1bMNxl6cjgD3sL4UcYRrQ=="
    },
    "smtp-server": {
      "version": "3.3.0",
      "resolved": "https://registry.npmjs.org/smtp-server/-/smtp-server-3.3.0.tgz",
      "integrity": "sha512-Kuc/Ieyq4TCxLt0V3fYb5/tkC/0OIt9QRQGgIWAkluwU/pHwhwg7VQWorobA+FAYhbUn8nIgXejaRL+tuGUChw==",
      "requires": {
        "ipv6-normalize": "1.0.1",
        "nodemailer": "4.4.0"
      }
    }
  }
}
